
Microsoft Visual Studio Solution File, Format Version 12.00
# Visual Studio Version 17
VisualStudioVersion = 17.1.32328.378
MinimumVisualStudioVersion = 10.0.40219.1
Project("{FAE04EC0-301F-11D3-BF4B-00C04F79EFBC}") = "RoulleteMizer", "RoulleteMizer\RoulleteMizer.csproj", "{1827822E-E78D-4544-A0BF-D0AE7B03A986}"
EndProject
Project("{2150E333-8FDC-42A3-9474-1A3956D46DE8}") = "Solution Items", "Solution Items", "{0919F24A-8261-4CD7-B70A-7B30256B7431}"
	ProjectSection(SolutionItems) = preProject
		Class1.cs = Class1.cs
	EndProjectSection
EndProject
Global
	GlobalSection(SolutionConfigurationPlatforms) = preSolution
		Debug|Any CPU = Debug|Any CPU
		Release|Any CPU = Release|Any CPU
	EndGlobalSection
	GlobalSection(ProjectConfigurationPlatforms) = postSolution
		{1827822E-E78D-4544-A0BF-D0AE7B03A986}.Debug|Any CPU.ActiveCfg = Debug|Any CPU
		{1827822E-E78D-4544-A0BF-D0AE7B03A986}.Debug|Any CPU.Build.0 = Debug|Any CPU
		{1827822E-E78D-4544-A0BF-D0AE7B03A986}.Release|Any CPU.ActiveCfg = Release|Any CPU
		{1827822E-E78D-4544-A0BF-D0AE7B03A986}.Release|Any CPU.Build.0 = Release|Any CPU
	EndGlobalSection
	GlobalSection(SolutionProperties) = preSolution
		HideSolutionNode = FALSE
	EndGlobalSection
	GlobalSection(ExtensibilityGlobals) = postSolution
		SolutionGuid = {614DFA26-7621-4881-B13A-24FFC8AD0C14}
	EndGlobalSection
EndGlobal
